
Microsoft Visual Studio Solution File, Format Version 12.00
# Visual Studio Version 17
VisualStudioVersion = 17.9.34902.65
MinimumVisualStudioVersion = 10.0.40219.1
Project("{FAE04EC0-301F-11D3-BF4B-00C04F79EFBC}") = "Karkabulary", "Karkabulary\Karkabulary.csproj", "{9FC33D38-706E-4AAA-921C-69645ACC252A}"
EndProject
Global
	GlobalSection(SolutionConfigurationPlatforms) = preSolution
		Debug|Any CPU = Debug|Any CPU
		Release|Any CPU = Release|Any CPU
	EndGlobalSection
	GlobalSection(ProjectConfigurationPlatforms) = postSolution
		{9FC33D38-706E-4AAA-921C-69645ACC252A}.Debug|Any CPU.ActiveCfg = Debug|Any CPU
		{9FC33D38-706E-4AAA-921C-69645ACC252A}.Debug|Any CPU.Build.0 = Debug|Any CPU
		{9FC33D38-706E-4AAA-921C-69645ACC252A}.Release|Any CPU.ActiveCfg = Release|Any CPU
		{9FC33D38-706E-4AAA-921C-69645ACC252A}.Release|Any CPU.Build.0 = Release|Any CPU
	EndGlobalSection
	GlobalSection(SolutionProperties) = preSolution
		HideSolutionNode = FALSE
	EndGlobalSection
	GlobalSection(ExtensibilityGlobals) = postSolution
		SolutionGuid = {5FF01940-BE6B-4A42-A2AE-7D0F686A910E}
	EndGlobalSection
EndGlobal
